// !$*UTF8*$!
{
	archiveVersion = 1;
	classes = {
	};
	objectVersion = 46;
	objects = {

/* Begin PBXBuildFile section */
		2C9DEEF81F278B3B008F3156 /* DHCNotificationCenter.m in Sources */ = {isa = PBXBuildFile; fileRef = 2C9DEEF71F278B3B008F3156 /* DHCNotificationCenter.m */; };
		2CB4184F1F07DA09000A6F79 /* main.m in Sources */ = {isa = PBXBuildFile; fileRef = 2CB4184E1F07DA09000A6F79 /* main.m */; };
		2CB418581F07DA09000A6F79 /* Main.storyboard in Resources */ = {isa = PBXBuildFile; fileRef = 2CB418561F07DA09000A6F79 /* Main.storyboard */; };
		2CB4185A1F07DA09000A6F79 /* Assets.xcassets in Resources */ = {isa = PBXBuildFile; fileRef = 2CB418591F07DA09000A6F79 /* Assets.xcassets */; };
		2CB4185D1F07DA09000A6F79 /* LaunchScreen.storyboard in Resources */ = {isa = PBXBuildFile; fileRef = 2CB4185B1F07DA09000A6F79 /* LaunchScreen.storyboard */; };
		2CB418721F07E6FA000A6F79 /* UIViewController+DHC_AOP.m in Sources */ = {isa = PBXBuildFile; fileRef = 2CB418711F07E6FA000A6F79 /* UIViewController+DHC_AOP.m */; };
		2CB418751F07E86B000A6F79 /* MasonryViewAnimTest.m in Sources */ = {isa = PBXBuildFile; fileRef = 2CB418741F07E86B000A6F79 /* MasonryViewAnimTest.m */; };
		6806A2FE1F2241B2006033B5 /* NSString+DHC.m in Sources */ = {isa = PBXBuildFile; fileRef = 6806A2FD1F2241B2006033B5 /* NSString+DHC.m */; };
		6806A3041F27364C006033B5 /* NotificationCenter in Resources */ = {isa = PBXBuildFile; fileRef = 6806A3031F27364C006033B5 /* NotificationCenter */; };
		68B6BC161F2F192000354B23 /* DHCTableViewCell.m in Sources */ = {isa = PBXBuildFile; fileRef = 68B6BC151F2F192000354B23 /* DHCTableViewCell.m */; };
		68C8AAF91F1775230007D096 /* MyViewController.m in Sources */ = {isa = PBXBuildFile; fileRef = 68C8AAF81F1775230007D096 /* MyViewController.m */; };
		68C8AAFD1F189C180007D096 /* KVOTest.m in Sources */ = {isa = PBXBuildFile; fileRef = 68C8AAFC1F189C180007D096 /* KVOTest.m */; };
		68C8AB001F18C7AD0007D096 /* NSObject+dhc_observe.m in Sources */ = {isa = PBXBuildFile; fileRef = 68C8AAFF1F18C7AD0007D096 /* NSObject+dhc_observe.m */; };
		68D837B61F2B1B4E0088AF03 /* lock in Resources */ = {isa = PBXBuildFile; fileRef = 68D837B51F2B1B4E0088AF03 /* lock */; };
		68D837B81F2B1B5C0088AF03 /* RunLoop in Resources */ = {isa = PBXBuildFile; fileRef = 68D837B71F2B1B5C0088AF03 /* RunLoop */; };
		68D837BB1F2B34E80088AF03 /* DHCLockDemo.m in Sources */ = {isa = PBXBuildFile; fileRef = 68D837BA1F2B34E80088AF03 /* DHCLockDemo.m */; };
		68FE7ECA1F0B7612001CD09A /* AppDelegate.m in Sources */ = {isa = PBXBuildFile; fileRef = 68FE7EC71F0B7612001CD09A /* AppDelegate.m */; };
		68FE7ECB1F0B7612001CD09A /* ViewController.m in Sources */ = {isa = PBXBuildFile; fileRef = 68FE7EC91F0B7612001CD09A /* ViewController.m */; };
		68FE7ECE1F0B7639001CD09A /* NSMutableArray+Sort.mm in Sources */ = {isa = PBXBuildFile; fileRef = 68FE7ECD1F0B7639001CD09A /* NSMutableArray+Sort.mm */; };
		948417EA2FB40D24A55397A9 /* libPods-SDLCDHCDemo.a in Frameworks */ = {isa = PBXBuildFile; fileRef = D4DC18E4A9CC81F4922A4A95 /* libPods-SDLCDHCDemo.a */; };
/* End PBXBuildFile section */

/* Begin PBXFileReference section */
		2C9DEEF61F278B3B008F3156 /* DHCNotificationCenter.h */ = {isa = PBXFileReference; fileEncoding = 4; lastKnownFileType = sourcecode.c.h; path = DHCNotificationCenter.h; sourceTree = "<group>"; };
		2C9DEEF71F278B3B008F3156 /* DHCNotificationCenter.m */ = {isa = PBXFileReference; fileEncoding = 4; lastKnownFileType = sourcecode.c.objc; path = DHCNotificationCenter.m; sourceTree = "<group>"; };
		2CB4184A1F07DA09000A6F79 /* SDLCDHCDemo.app */ = {isa = PBXFileReference; explicitFileType = wrapper.application; includeInIndex = 0; path = SDLCDHCDemo.app; sourceTree = BUILT_PRODUCTS_DIR; };
		2CB4184E1F07DA09000A6F79 /* main.m */ = {isa = PBXFileReference; lastKnownFileType = sourcecode.c.objc; path = main.m; sourceTree = "<group>"; };
		2CB418571F07DA09000A6F79 /* Base */ = {isa = PBXFileReference; lastKnownFileType = file.storyboard; name = Base; path = Base.lproj/Main.storyboard; sourceTree = "<group>"; };
		2CB418591F07DA09000A6F79 /* Assets.xcassets */ = {isa = PBXFileReference; lastKnownFileType = folder.assetcatalog; path = Assets.xcassets; sourceTree = "<group>"; };
		2CB4185C1F07DA09000A6F79 /* Base */ = {isa = PBXFileReference; lastKnownFileType = file.storyboard; name = Base; path = Base.lproj/LaunchScreen.storyboard; sourceTree = "<group>"; };
		2CB4185E1F07DA09000A6F79 /* Info.plist */ = {isa = PBXFileReference; lastKnownFileType = text.plist.xml; path = Info.plist; sourceTree = "<group>"; };
		2CB418701F07E6FA000A6F79 /* UIViewController+DHC_AOP.h */ = {isa = PBXFileReference; fileEncoding = 4; lastKnownFileType = sourcecode.c.h; path = "UIViewController+DHC_AOP.h"; sourceTree = "<group>"; };
		2CB418711F07E6FA000A6F79 /* UIViewController+DHC_AOP.m */ = {isa = PBXFileReference; fileEncoding = 4; lastKnownFileType = sourcecode.c.objc; path = "UIViewController+DHC_AOP.m"; sourceTree = "<group>"; };
		2CB418731F07E86B000A6F79 /* MasonryViewAnimTest.h */ = {isa = PBXFileReference; fileEncoding = 4; lastKnownFileType = sourcecode.c.h; path = MasonryViewAnimTest.h; sourceTree = "<group>"; };
		2CB418741F07E86B000A6F79 /* MasonryViewAnimTest.m */ = {isa = PBXFileReference; fileEncoding = 4; lastKnownFileType = sourcecode.c.objc; path = MasonryViewAnimTest.m; sourceTree = "<group>"; };
		6806A2FC1F2241B2006033B5 /* NSString+DHC.h */ = {isa = PBXFileReference; fileEncoding = 4; lastKnownFileType = sourcecode.c.h; path = "NSString+DHC.h"; sourceTree = "<group>"; };
		6806A2FD1F2241B2006033B5 /* NSString+DHC.m */ = {isa = PBXFileReference; fileEncoding = 4; lastKnownFileType = sourcecode.c.objc; path = "NSString+DHC.m"; sourceTree = "<group>"; };
		6806A3031F27364C006033B5 /* NotificationCenter */ = {isa = PBXFileReference; fileEncoding = 4; lastKnownFileType = text; path = NotificationCenter; sourceTree = "<group>"; };
		68B6BC141F2F192000354B23 /* DHCTableViewCell.h */ = {isa = PBXFileReference; fileEncoding = 4; lastKnownFileType = sourcecode.c.h; path = DHCTableViewCell.h; sourceTree = "<group>"; };
		68B6BC151F2F192000354B23 /* DHCTableViewCell.m */ = {isa = PBXFileReference; fileEncoding = 4; lastKnownFileType = sourcecode.c.objc; path = DHCTableViewCell.m; sourceTree = "<group>"; };
		68C8AAF71F1775230007D096 /* MyViewController.h */ = {isa = PBXFileReference; fileEncoding = 4; lastKnownFileType = sourcecode.c.h; path = MyViewController.h; sourceTree = "<group>"; };
		68C8AAF81F1775230007D096 /* MyViewController.m */ = {isa = PBXFileReference; fileEncoding = 4; lastKnownFileType = sourcecode.c.objc; path = MyViewController.m; sourceTree = "<group>"; };
		68C8AAFB1F189C180007D096 /* KVOTest.h */ = {isa = PBXFileReference; fileEncoding = 4; lastKnownFileType = sourcecode.c.h; path = KVOTest.h; sourceTree = "<group>"; };
		68C8AAFC1F189C180007D096 /* KVOTest.m */ = {isa = PBXFileReference; fileEncoding = 4; lastKnownFileType = sourcecode.c.objc; path = KVOTest.m; sourceTree = "<group>"; };
		68C8AAFE1F18C7AD0007D096 /* NSObject+dhc_observe.h */ = {isa = PBXFileReference; fileEncoding = 4; lastKnownFileType = sourcecode.c.h; path = "NSObject+dhc_observe.h"; sourceTree = "<group>"; };
		68C8AAFF1F18C7AD0007D096 /* NSObject+dhc_observe.m */ = {isa = PBXFileReference; fileEncoding = 4; lastKnownFileType = sourcecode.c.objc; path = "NSObject+dhc_observe.m"; sourceTree = "<group>"; };
		68D837B51F2B1B4E0088AF03 /* lock */ = {isa = PBXFileReference; fileEncoding = 4; lastKnownFileType = text; path = lock; sourceTree = "<group>"; };
		68D837B71F2B1B5C0088AF03 /* RunLoop */ = {isa = PBXFileReference; fileEncoding = 4; lastKnownFileType = text; path = RunLoop; sourceTree = "<group>"; };
		68D837B91F2B34E80088AF03 /* DHCLockDemo.h */ = {isa = PBXFileReference; fileEncoding = 4; lastKnownFileType = sourcecode.c.h; path = DHCLockDemo.h; sourceTree = "<group>"; };
		68D837BA1F2B34E80088AF03 /* DHCLockDemo.m */ = {isa = PBXFileReference; fileEncoding = 4; lastKnownFileType = sourcecode.c.objc; path = DHCLockDemo.m; sourceTree = "<group>"; };
		68FE7EC61F0B7612001CD09A /* AppDelegate.h */ = {isa = PBXFileReference; fileEncoding = 4; lastKnownFileType = sourcecode.c.h; path = AppDelegate.h; sourceTree = "<group>"; };
		68FE7EC71F0B7612001CD09A /* AppDelegate.m */ = {isa = PBXFileReference; fileEncoding = 4; lastKnownFileType = sourcecode.c.objc; path = AppDelegate.m; sourceTree = "<group>"; };
		68FE7EC81F0B7612001CD09A /* ViewController.h */ = {isa = PBXFileReference; fileEncoding = 4; lastKnownFileType = sourcecode.c.h; path = ViewController.h; sourceTree = "<group>"; };
		68FE7EC91F0B7612001CD09A /* ViewController.m */ = {isa = PBXFileReference; fileEncoding = 4; lastKnownFileType = sourcecode.c.objc; path = ViewController.m; sourceTree = "<group>"; };
		68FE7ECC1F0B7639001CD09A /* NSMutableArray+Sort.h */ = {isa = PBXFileReference; fileEncoding = 4; lastKnownFileType = sourcecode.c.h; path = "NSMutableArray+Sort.h"; sourceTree = "<group>"; };
		68FE7ECD1F0B7639001CD09A /* NSMutableArray+Sort.mm */ = {isa = PBXFileReference; fileEncoding = 4; lastKnownFileType = sourcecode.cpp.objcpp; path = "NSMutableArray+Sort.mm"; sourceTree = "<group>"; };
		6BD1D5B36BB25B3E9B5068B1 /* Pods-SDLCDHCDemo.release.xcconfig */ = {isa = PBXFileReference; includeInIndex = 1; lastKnownFileType = text.xcconfig; name = "Pods-SDLCDHCDemo.release.xcconfig"; path = "Pods/Target Support Files/Pods-SDLCDHCDemo/Pods-SDLCDHCDemo.release.xcconfig"; sourceTree = "<group>"; };
		8993A1BAEA64440F93499CDB /* Pods-SDLCDHCDemo.debug.xcconfig */ = {isa = PBXFileReference; includeInIndex = 1; lastKnownFileType = text.xcconfig; name = "Pods-SDLCDHCDemo.debug.xcconfig"; path = "Pods/Target Support Files/Pods-SDLCDHCDemo/Pods-SDLCDHCDemo.debug.xcconfig"; sourceTree = "<group>"; };
		D4DC18E4A9CC81F4922A4A95 /* libPods-SDLCDHCDemo.a */ = {isa = PBXFileReference; explicitFileType = archive.ar; includeInIndex = 0; path = "libPods-SDLCDHCDemo.a"; sourceTree = BUILT_PRODUCTS_DIR; };
/* End PBXFileReference section */

/* Begin PBXFrameworksBuildPhase section */
		2CB418471F07DA09000A6F79 /* Frameworks */ = {
			isa = PBXFrameworksBuildPhase;
			buildActionMask = 2147483647;
			files = (
				948417EA2FB40D24A55397A9 /* libPods-SDLCDHCDemo.a in Frameworks */,
			);
			runOnlyForDeploymentPostprocessing = 0;
		};
/* End PBXFrameworksBuildPhase section */

/* Begin PBXGroup section */
		153C79F7DB0D076FD5B3D5F7 /* Pods */ = {
			isa = PBXGroup;
			children = (
				8993A1BAEA64440F93499CDB /* Pods-SDLCDHCDemo.debug.xcconfig */,
				6BD1D5B36BB25B3E9B5068B1 /* Pods-SDLCDHCDemo.release.xcconfig */,
			);
			name = Pods;
			sourceTree = "<group>";
		};
		2CB418411F07DA09000A6F79 = {
			isa = PBXGroup;
			children = (
				2CB4184C1F07DA09000A6F79 /* SDLCDHCDemo */,
				2CB4184B1F07DA09000A6F79 /* Products */,
				153C79F7DB0D076FD5B3D5F7 /* Pods */,
				779AC2FD70664ECA98FD64FE /* Frameworks */,
			);
			sourceTree = "<group>";
		};
		2CB4184B1F07DA09000A6F79 /* Products */ = {
			isa = PBXGroup;
			children = (
				2CB4184A1F07DA09000A6F79 /* SDLCDHCDemo.app */,
			);
			name = Products;
			sourceTree = "<group>";
		};
		2CB4184C1F07DA09000A6F79 /* SDLCDHCDemo */ = {
			isa = PBXGroup;
			children = (
				2CB418641F07E6B4000A6F79 /* Classes */,
				2CB418561F07DA09000A6F79 /* Main.storyboard */,
				2CB418591F07DA09000A6F79 /* Assets.xcassets */,
				2CB4185B1F07DA09000A6F79 /* LaunchScreen.storyboard */,
				2CB4185E1F07DA09000A6F79 /* Info.plist */,
				2CB4184D1F07DA09000A6F79 /* Supporting Files */,
			);
			path = SDLCDHCDemo;
			sourceTree = "<group>";
		};
		2CB4184D1F07DA09000A6F79 /* Supporting Files */ = {
			isa = PBXGroup;
			children = (
				2CB4184E1F07DA09000A6F79 /* main.m */,
			);
			name = "Supporting Files";
			sourceTree = "<group>";
		};
		2CB418641F07E6B4000A6F79 /* Classes */ = {
			isa = PBXGroup;
			children = (
				68B6BC131F2F18CC00354B23 /* Autolayout */,
				68D837B31F2B1B370088AF03 /* Lock */,
				68D837B41F2B1B370088AF03 /* RunLoop */,
				6806A3021F2735F9006033B5 /* NotificationCenter */,
				68C8AAFA1F189B170007D096 /* KVO */,
				68FE7EC51F0B7612001CD09A /* App */,
				68FE7EC41F0B75D5001CD09A /* Sort */,
				2CB418651F07E6B4000A6F79 /* AnimationTest */,
				2CB418661F07E6B4000A6F79 /* AOPTest */,
				2CB4186A1F07E6B4000A6F79 /* CacheTest */,
				2CB4186B1F07E6B4000A6F79 /* NetworkTest */,
			);
			path = Classes;
			sourceTree = "<group>";
		};
		2CB418651F07E6B4000A6F79 /* AnimationTest */ = {
			isa = PBXGroup;
			children = (
				2CB418731F07E86B000A6F79 /* MasonryViewAnimTest.h */,
				2CB418741F07E86B000A6F79 /* MasonryViewAnimTest.m */,
			);
			path = AnimationTest;
			sourceTree = "<group>";
		};
		2CB418661F07E6B4000A6F79 /* AOPTest */ = {
			isa = PBXGroup;
			children = (
				2CB418701F07E6FA000A6F79 /* UIViewController+DHC_AOP.h */,
				2CB418711F07E6FA000A6F79 /* UIViewController+DHC_AOP.m */,
				6806A2FC1F2241B2006033B5 /* NSString+DHC.h */,
				6806A2FD1F2241B2006033B5 /* NSString+DHC.m */,
			);
			path = AOPTest;
			sourceTree = "<group>";
		};
		2CB4186A1F07E6B4000A6F79 /* CacheTest */ = {
			isa = PBXGroup;
			children = (
			);
			path = CacheTest;
			sourceTree = "<group>";
		};
		2CB4186B1F07E6B4000A6F79 /* NetworkTest */ = {
			isa = PBXGroup;
			children = (
			);
			path = NetworkTest;
			sourceTree = "<group>";
		};
		6806A3021F2735F9006033B5 /* NotificationCenter */ = {
			isa = PBXGroup;
			children = (
				6806A3031F27364C006033B5 /* NotificationCenter */,
				2C9DEEF61F278B3B008F3156 /* DHCNotificationCenter.h */,
				2C9DEEF71F278B3B008F3156 /* DHCNotificationCenter.m */,
			);
			path = NotificationCenter;
			sourceTree = "<group>";
		};
		68B6BC131F2F18CC00354B23 /* Autolayout */ = {
			isa = PBXGroup;
			children = (
				68B6BC141F2F192000354B23 /* DHCTableViewCell.h */,
				68B6BC151F2F192000354B23 /* DHCTableViewCell.m */,
			);
			path = Autolayout;
			sourceTree = "<group>";
		};
		68C8AAFA1F189B170007D096 /* KVO */ = {
			isa = PBXGroup;
			children = (
				68C8AAFB1F189C180007D096 /* KVOTest.h */,
				68C8AAFC1F189C180007D096 /* KVOTest.m */,
				68C8AAFE1F18C7AD0007D096 /* NSObject+dhc_observe.h */,
				68C8AAFF1F18C7AD0007D096 /* NSObject+dhc_observe.m */,
			);
			path = KVO;
			sourceTree = "<group>";
		};
		68D837B31F2B1B370088AF03 /* Lock */ = {
			isa = PBXGroup;
			children = (
				68D837B51F2B1B4E0088AF03 /* lock */,
				68D837B91F2B34E80088AF03 /* DHCLockDemo.h */,
				68D837BA1F2B34E80088AF03 /* DHCLockDemo.m */,
			);
			path = Lock;
			sourceTree = "<group>";
		};
		68D837B41F2B1B370088AF03 /* RunLoop */ = {
			isa = PBXGroup;
			children = (
				68D837B71F2B1B5C0088AF03 /* RunLoop */,
			);
			path = RunLoop;
			sourceTree = "<group>";
		};
		68FE7EC41F0B75D5001CD09A /* Sort */ = {
			isa = PBXGroup;
			children = (
				68FE7ECC1F0B7639001CD09A /* NSMutableArray+Sort.h */,
				68FE7ECD1F0B7639001CD09A /* NSMutableArray+Sort.mm */,
			);
			path = Sort;
			sourceTree = "<group>";
		};
		68FE7EC51F0B7612001CD09A /* App */ = {
			isa = PBXGroup;
			children = (
				68FE7EC61F0B7612001CD09A /* AppDelegate.h */,
				68FE7EC71F0B7612001CD09A /* AppDelegate.m */,
				68FE7EC81F0B7612001CD09A /* ViewController.h */,
				68FE7EC91F0B7612001CD09A /* ViewController.m */,
				68C8AAF71F1775230007D096 /* MyViewController.h */,
				68C8AAF81F1775230007D096 /* MyViewController.m */,
			);
			path = App;
			sourceTree = "<group>";
		};
		779AC2FD70664ECA98FD64FE /* Frameworks */ = {
			isa = PBXGroup;
			children = (
				D4DC18E4A9CC81F4922A4A95 /* libPods-SDLCDHCDemo.a */,
			);
			name = Frameworks;
			sourceTree = "<group>";
		};
/* End PBXGroup section */

/* Begin PBXNativeTarget section */
		2CB418491F07DA09000A6F79 /* SDLCDHCDemo */ = {
			isa = PBXNativeTarget;
			buildConfigurationList = 2CB418611F07DA09000A6F79 /* Build configuration list for PBXNativeTarget "SDLCDHCDemo" */;
			buildPhases = (
				5AB8B7B2D705ECED5EE30045 /* [CP] Check Pods Manifest.lock */,
				2CB418461F07DA09000A6F79 /* Sources */,
				2CB418471F07DA09000A6F79 /* Frameworks */,
				2CB418481F07DA09000A6F79 /* Resources */,
				3D4FD64172CF88F0BA122ABA /* [CP] Embed Pods Frameworks */,
				6F9856EF688E40FFD5678CDF /* [CP] Copy Pods Resources */,
			);
			buildRules = (
			);
			dependencies = (
			);
			name = SDLCDHCDemo;
			productName = SDLCDHCDemo;
			productReference = 2CB4184A1F07DA09000A6F79 /* SDLCDHCDemo.app */;
			productType = "com.apple.product-type.application";
		};
/* End PBXNativeTarget section */

/* Begin PBXProject section */
		2CB418421F07DA09000A6F79 /* Project object */ = {
			isa = PBXProject;
			attributes = {
				LastUpgradeCheck = 0830;
				ORGANIZATIONNAME = "蘑菇街";
				TargetAttributes = {
					2CB418491F07DA09000A6F79 = {
						CreatedOnToolsVersion = 8.3.3;
						ProvisioningStyle = Manual;
					};
				};
			};
			buildConfigurationList = 2CB418451F07DA09000A6F79 /* Build configuration list for PBXProject "SDLCDHCDemo" */;
			compatibilityVersion = "Xcode 3.2";
			developmentRegion = English;
			hasScannedForEncodings = 0;
			knownRegions = (
				en,
				Base,
			);
			mainGroup = 2CB418411F07DA09000A6F79;
			productRefGroup = 2CB4184B1F07DA09000A6F79 /* Products */;
			projectDirPath = "";
			projectRoot = "";
			targets = (
				2CB418491F07DA09000A6F79 /* SDLCDHCDemo */,
			);
		};
/* End PBXProject section */

/* Begin PBXResourcesBuildPhase section */
		2CB418481F07DA09000A6F79 /* Resources */ = {
			isa = PBXResourcesBuildPhase;
			buildActionMask = 2147483647;
			files = (
				68D837B81F2B1B5C0088AF03 /* RunLoop in Resources */,
				2CB4185D1F07DA09000A6F79 /* LaunchScreen.storyboard in Resources */,
				68D837B61F2B1B4E0088AF03 /* lock in Resources */,
				2CB4185A1F07DA09000A6F79 /* Assets.xcassets in Resources */,
				6806A3041F27364C006033B5 /* NotificationCenter in Resources */,
				2CB418581F07DA09000A6F79 /* Main.storyboard in Resources */,
			);
			runOnlyForDeploymentPostprocessing = 0;
		};
/* End PBXResourcesBuildPhase section */

/* Begin PBXShellScriptBuildPhase section */
		3D4FD64172CF88F0BA122ABA /* [CP] Embed Pods Frameworks */ = {
			isa = PBXShellScriptBuildPhase;
			buildActionMask = 2147483647;
			files = (
			);
			inputPaths = (
			);
			name = "[CP] Embed Pods Frameworks";
			outputPaths = (
			);
			runOnlyForDeploymentPostprocessing = 0;
			shellPath = /bin/sh;
			shellScript = "\"${SRCROOT}/Pods/Target Support Files/Pods-SDLCDHCDemo/Pods-SDLCDHCDemo-frameworks.sh\"\n";
			showEnvVarsInLog = 0;
		};
		5AB8B7B2D705ECED5EE30045 /* [CP] Check Pods Manifest.lock */ = {
			isa = PBXShellScriptBuildPhase;
			buildActionMask = 2147483647;
			files = (
			);
			inputPaths = (
			);
			name = "[CP] Check Pods Manifest.lock";
			outputPaths = (
			);
			runOnlyForDeploymentPostprocessing = 0;
			shellPath = /bin/sh;
			shellScript = "diff \"${PODS_ROOT}/../Podfile.lock\" \"${PODS_ROOT}/Manifest.lock\" > /dev/null\nif [ $? != 0 ] ; then\n    # print error to STDERR\n    echo \"error: The sandbox is not in sync with the Podfile.lock. Run 'pod install' or update your CocoaPods installation.\" >&2\n    exit 1\nfi\n";
			showEnvVarsInLog = 0;
		};
		6F9856EF688E40FFD5678CDF /* [CP] Copy Pods Resources */ = {
			isa = PBXShellScriptBuildPhase;
			buildActionMask = 2147483647;
			files = (
			);
			inputPaths = (
			);
			name = "[CP] Copy Pods Resources";
			outputPaths = (
			);
			runOnlyForDeploymentPostprocessing = 0;
			shellPath = /bin/sh;
			shellScript = "\"${SRCROOT}/Pods/Target Support Files/Pods-SDLCDHCDemo/Pods-SDLCDHCDemo-resources.sh\"\n";
			showEnvVarsInLog = 0;
		};
/* End PBXShellScriptBuildPhase section */

/* Begin PBXSourcesBuildPhase section */
		2CB418461F07DA09000A6F79 /* Sources */ = {
			isa = PBXSourcesBuildPhase;
			buildActionMask = 2147483647;
			files = (
				68FE7ECA1F0B7612001CD09A /* AppDelegate.m in Sources */,
				68C8AB001F18C7AD0007D096 /* NSObject+dhc_observe.m in Sources */,
				2CB4184F1F07DA09000A6F79 /* main.m in Sources */,
				2CB418721F07E6FA000A6F79 /* UIViewController+DHC_AOP.m in Sources */,
				2CB418751F07E86B000A6F79 /* MasonryViewAnimTest.m in Sources */,
				68D837BB1F2B34E80088AF03 /* DHCLockDemo.m in Sources */,
				68C8AAFD1F189C180007D096 /* KVOTest.m in Sources */,
				68B6BC161F2F192000354B23 /* DHCTableViewCell.m in Sources */,
				68FE7ECB1F0B7612001CD09A /* ViewController.m in Sources */,
				2C9DEEF81F278B3B008F3156 /* DHCNotificationCenter.m in Sources */,
				6806A2FE1F2241B2006033B5 /* NSString+DHC.m in Sources */,
				68FE7ECE1F0B7639001CD09A /* NSMutableArray+Sort.mm in Sources */,
				68C8AAF91F1775230007D096 /* MyViewController.m in Sources */,
			);
			runOnlyForDeploymentPostprocessing = 0;
		};
/* End PBXSourcesBuildPhase section */

/* Begin PBXVariantGroup section */
		2CB418561F07DA09000A6F79 /* Main.storyboard */ = {
			isa = PBXVariantGroup;
			children = (
				2CB418571F07DA09000A6F79 /* Base */,
			);
			name = Main.storyboard;
			sourceTree = "<group>";
		};
		2CB4185B1F07DA09000A6F79 /* LaunchScreen.storyboard */ = {
			isa = PBXVariantGroup;
			children = (
				2CB4185C1F07DA09000A6F79 /* Base */,
			);
			name = LaunchScreen.storyboard;
			sourceTree = "<group>";
		};
/* End PBXVariantGroup section */

/* Begin XCBuildConfiguration section */
		2CB4185F1F07DA09000A6F79 /* Debug */ = {
			isa = XCBuildConfiguration;
			buildSettings = {
				ALWAYS_SEARCH_USER_PATHS = NO;
				CLANG_ANALYZER_NONNULL = YES;
				CLANG_ANALYZER_NUMBER_OBJECT_CONVERSION = YES_AGGRESSIVE;
				CLANG_CXX_LANGUAGE_STANDARD = "gnu++0x";
				CLANG_CXX_LIBRARY = "libc++";
				CLANG_ENABLE_MODULES = YES;
				CLANG_ENABLE_OBJC_ARC = YES;
				CLANG_WARN_BOOL_CONVERSION = YES;
				CLANG_WARN_CONSTANT_CONVERSION = YES;
				CLANG_WARN_DIRECT_OBJC_ISA_USAGE = YES_ERROR;
				CLANG_WARN_DOCUMENTATION_COMMENTS = YES;
				CLANG_WARN_EMPTY_BODY = YES;
				CLANG_WARN_ENUM_CONVERSION = YES;
				CLANG_WARN_INFINITE_RECURSION = YES;
				CLANG_WARN_INT_CONVERSION = YES;
				CLANG_WARN_OBJC_ROOT_CLASS = YES_ERROR;
				CLANG_WARN_SUSPICIOUS_MOVE = YES;
				CLANG_WARN_UNREACHABLE_CODE = YES;
				CLANG_WARN__DUPLICATE_METHOD_MATCH = YES;
				"CODE_SIGN_IDENTITY[sdk=iphoneos*]" = "iPhone Developer";
				COPY_PHASE_STRIP = NO;
				DEBUG_INFORMATION_FORMAT = dwarf;
				ENABLE_STRICT_OBJC_MSGSEND = YES;
				ENABLE_TESTABILITY = YES;
				GCC_C_LANGUAGE_STANDARD = gnu99;
				GCC_DYNAMIC_NO_PIC = NO;
				GCC_NO_COMMON_BLOCKS = YES;
				GCC_OPTIMIZATION_LEVEL = 0;
				GCC_PREPROCESSOR_DEFINITIONS = (
					"DEBUG=1",
					"$(inherited)",
				);
				GCC_WARN_64_TO_32_BIT_CONVERSION = YES;
				GCC_WARN_ABOUT_RETURN_TYPE = YES_ERROR;
				GCC_WARN_UNDECLARED_SELECTOR = YES;
				GCC_WARN_UNINITIALIZED_AUTOS = YES_AGGRESSIVE;
				GCC_WARN_UNUSED_FUNCTION = YES;
				GCC_WARN_UNUSED_VARIABLE = YES;
				IPHONEOS_DEPLOYMENT_TARGET = 10.3;
				MTL_ENABLE_DEBUG_INFO = YES;
				ONLY_ACTIVE_ARCH = YES;
				SDKROOT = iphoneos;
			};
			name = Debug;
		};
		2CB418601F07DA09000A6F79 /* Release */ = {
			isa = XCBuildConfiguration;
			buildSettings = {
				ALWAYS_SEARCH_USER_PATHS = NO;
				CLANG_ANALYZER_NONNULL = YES;
				CLANG_ANALYZER_NUMBER_OBJECT_CONVERSION = YES_AGGRESSIVE;
				CLANG_CXX_LANGUAGE_STANDARD = "gnu++0x";
				CLANG_CXX_LIBRARY = "libc++";
				CLANG_ENABLE_MODULES = YES;
				CLANG_ENABLE_OBJC_ARC = YES;
				CLANG_WARN_BOOL_CONVERSION = YES;
				CLANG_WARN_CONSTANT_CONVERSION = YES;
				CLANG_WARN_DIRECT_OBJC_ISA_USAGE = YES_ERROR;
				CLANG_WARN_DOCUMENTATION_COMMENTS = YES;
				CLANG_WARN_EMPTY_BODY = YES;
				CLANG_WARN_ENUM_CONVERSION = YES;
				CLANG_WARN_INFINITE_RECURSION = YES;
				CLANG_WARN_INT_CONVERSION = YES;
				CLANG_WARN_OBJC_ROOT_CLASS = YES_ERROR;
				CLANG_WARN_SUSPICIOUS_MOVE = YES;
				CLANG_WARN_UNREACHABLE_CODE = YES;
				CLANG_WARN__DUPLICATE_METHOD_MATCH = YES;
				"CODE_SIGN_IDENTITY[sdk=iphoneos*]" = "iPhone Developer";
				COPY_PHASE_STRIP = NO;
				DEBUG_INFORMATION_FORMAT = "dwarf-with-dsym";
				ENABLE_NS_ASSERTIONS = NO;
				ENABLE_STRICT_OBJC_MSGSEND = YES;
				GCC_C_LANGUAGE_STANDARD = gnu99;
				GCC_NO_COMMON_BLOCKS = YES;
				GCC_WARN_64_TO_32_BIT_CONVERSION = YES;
				GCC_WARN_ABOUT_RETURN_TYPE = YES_ERROR;
				GCC_WARN_UNDECLARED_SELECTOR = YES;
				GCC_WARN_UNINITIALIZED_AUTOS = YES_AGGRESSIVE;
				GCC_WARN_UNUSED_FUNCTION = YES;
				GCC_WARN_UNUSED_VARIABLE = YES;
				IPHONEOS_DEPLOYMENT_TARGET = 10.3;
				MTL_ENABLE_DEBUG_INFO = NO;
				SDKROOT = iphoneos;
				VALIDATE_PRODUCT = YES;
			};
			name = Release;
		};
		2CB418621F07DA09000A6F79 /* Debug */ = {
			isa = XCBuildConfiguration;
			baseConfigurationReference = 8993A1BAEA64440F93499CDB /* Pods-SDLCDHCDemo.debug.xcconfig */;
			buildSettings = {
				ASSETCATALOG_COMPILER_APPICON_NAME = AppIcon;
				DEVELOPMENT_TEAM = "";
				INFOPLIST_FILE = SDLCDHCDemo/Info.plist;
				LD_RUNPATH_SEARCH_PATHS = "$(inherited) @executable_path/Frameworks";
				PRODUCT_BUNDLE_IDENTIFIER = com.runsheng.SDLCDHCDemo;
				PRODUCT_NAME = "$(TARGET_NAME)";
				PROVISIONING_PROFILE_SPECIFIER = "";
			};
			name = Debug;
		};
		2CB418631F07DA09000A6F79 /* Release */ = {
			isa = XCBuildConfiguration;
			baseConfigurationReference = 6BD1D5B36BB25B3E9B5068B1 /* Pods-SDLCDHCDemo.release.xcconfig */;
			buildSettings = {
				ASSETCATALOG_COMPILER_APPICON_NAME = AppIcon;
				DEVELOPMENT_TEAM = "";
				INFOPLIST_FILE = SDLCDHCDemo/Info.plist;
				LD_RUNPATH_SEARCH_PATHS = "$(inherited) @executable_path/Frameworks";
				PRODUCT_BUNDLE_IDENTIFIER = com.runsheng.SDLCDHCDemo;
				PRODUCT_NAME = "$(TARGET_NAME)";
				PROVISIONING_PROFILE_SPECIFIER = "";
			};
			name = Release;
		};
/* End XCBuildConfiguration section */

/* Begin XCConfigurationList section */
		2CB418451F07DA09000A6F79 /* Build configuration list for PBXProject "SDLCDHCDemo" */ = {
			isa = XCConfigurationList;
			buildConfigurations = (
				2CB4185F1F07DA09000A6F79 /* Debug */,
				2CB418601F07DA09000A6F79 /* Release */,
			);
			defaultConfigurationIsVisible = 0;
			defaultConfigurationName = Release;
		};
		2CB418611F07DA09000A6F79 /* Build configuration list for PBXNativeTarget "SDLCDHCDemo" */ = {
			isa = XCConfigurationList;
			buildConfigurations = (
				2CB418621F07DA09000A6F79 /* Debug */,
				2CB418631F07DA09000A6F79 /* Release */,
			);
			defaultConfigurationIsVisible = 0;
			defaultConfigurationName = Release;
		};
/* End XCConfigurationList section */
	};
	rootObject = 2CB418421F07DA09000A6F79 /* Project object */;
}
